<?xml version="1.0" encoding="UTF-8" standalone="yes" ?>
<CodeBlocks_project_file>
	<FileVersion major="1" minor="6" />
	<Project>
		<Option title="Poligonos" />
		<Option pch_mode="2" />
		<Option compiler="gcc" />
		<Build>
			<Target title="Debug">
				<Option output="bin/Debug/Poligonos" prefix_auto="1" extension_auto="1" />
				<Option object_output="obj/Debug/" />
				<Option type="1" />
				<Option compiler="gcc" />
				<Compiler>
					<Add option="-g" />
					<Add directory="include" />
				</Compiler>
			</Target>
			<Target title="Release">
				<Option output="bin/Release/Poligonos" prefix_auto="1" extension_auto="1" />
				<Option object_output="obj/Release/" />
				<Option type="1" />
				<Option compiler="gcc" />
				<Compiler>
					<Add option="-O2" />
					<Add directory="include" />
				</Compiler>
				<Linker>
					<Add option="-s" />
				</Linker>
			</Target>
		</Build>
		<Compiler>
			<Add option="-Wall" />
		</Compiler>
		<Unit filename="include/Poligono.h" />
		<Unit filename="include/Quadrado.h" />
		<Unit filename="include/Retangulo.h" />
		<Unit filename="include/Triangulo.h" />
		<Unit filename="include/TrianguloRetangulo.h" />
		<Unit filename="main.cpp" />
		<Unit filename="src/Poligono.cpp" />
		<Unit filename="src/Quadrado.cpp" />
		<Unit filename="src/Retangulo.cpp" />
		<Unit filename="src/Triangulo.cpp" />
		<Unit filename="src/TrianguloRetangulo.cpp" />
		<Extensions />
	</Project>
</CodeBlocks_project_file>
